
Microsoft Visual Studio Solution File, Format Version 12.00
# Visual Studio 15
VisualStudioVersion = 15.0.26730.10
MinimumVisualStudioVersion = 10.0.40219.1
Project("{D954291E-2A0B-460D-934E-DC6B0785DB48}") = "calculadora_xamarin", "calculadora-xamarin\calculadora_xamarin\calculadora_xamarin.shproj", "{E14DCFED-30AE-4B29-B0CF-098BE252304A}"
EndProject
Project("{FAE04EC0-301F-11D3-BF4B-00C04F79EFBC}") = "calculadora_xamarin.Android", "calculadora-xamarin\calculadora_xamarin.Android\calculadora_xamarin.Android.csproj", "{1F3A1E13-3DB2-4EF9-BD75-A2A9CB448947}"
EndProject
Project("{FAE04EC0-301F-11D3-BF4B-00C04F79EFBC}") = "calculadora_xamarin.iOS", "calculadora-xamarin\calculadora_xamarin.iOS\calculadora_xamarin.iOS.csproj", "{EDB7D97C-7841-41FC-817E-E2E8FED12DF3}"
EndProject
Project("{FAE04EC0-301F-11D3-BF4B-00C04F79EFBC}") = "calculadora_xamarin.UWP", "calculadora-xamarin\calculadora_xamarin.UWP\calculadora_xamarin.UWP.csproj", "{1364EB0D-8FE7-4BDE-82D5-C220E357635E}"
EndProject
Global
	GlobalSection(SharedMSBuildProjectFiles) = preSolution
		calculadora-xamarin\calculadora_xamarin\calculadora_xamarin.projitems*{1f3a1e13-3db2-4ef9-bd75-a2a9cb448947}*SharedItemsImports = 4
		calculadora-xamarin\calculadora_xamarin\calculadora_xamarin.projitems*{e14dcfed-30ae-4b29-b0cf-098be252304a}*SharedItemsImports = 13
		calculadora-xamarin\calculadora_xamarin\calculadora_xamarin.projitems*{edb7d97c-7841-41fc-817e-e2e8fed12df3}*SharedItemsImports = 4
	EndGlobalSection
	GlobalSection(SolutionConfigurationPlatforms) = preSolution
		Ad-Hoc|Any CPU = Ad-Hoc|Any CPU
		Ad-Hoc|ARM = Ad-Hoc|ARM
		Ad-Hoc|iPhone = Ad-Hoc|iPhone
		Ad-Hoc|iPhoneSimulator = Ad-Hoc|iPhoneSimulator
		Ad-Hoc|x64 = Ad-Hoc|x64
		Ad-Hoc|x86 = Ad-Hoc|x86
		AppStore|Any CPU = AppStore|Any CPU
		AppStore|ARM = AppStore|ARM
		AppStore|iPhone = AppStore|iPhone
		AppStore|iPhoneSimulator = AppStore|iPhoneSimulator
		AppStore|x64 = AppStore|x64
		AppStore|x86 = AppStore|x86
		Debug|Any CPU = Debug|Any CPU
		Debug|ARM = Debug|ARM
		Debug|iPhone = Debug|iPhone
		Debug|iPhoneSimulator = Debug|iPhoneSimulator
		Debug|x64 = Debug|x64
		Debug|x86 = Debug|x86
		Release|Any CPU = Release|Any CPU
		Release|ARM = Release|ARM
		Release|iPhone = Release|iPhone
		Release|iPhoneSimulator = Release|iPhoneSimulator
		Release|x64 = Release|x64
		Release|x86 = Release|x86
	EndGlobalSection
	GlobalSection(ProjectConfigurationPlatforms) = postSolution
		{1F3A1E13-3DB2-4EF9-BD75-A2A9CB448947}.Ad-Hoc|Any CPU.ActiveCfg = Release|Any CPU
		{1F3A1E13-3DB2-4EF9-BD75-A2A9CB448947}.Ad-Hoc|Any CPU.Build.0 = Release|Any CPU
		{1F3A1E13-3DB2-4EF9-BD75-A2A9CB448947}.Ad-Hoc|Any CPU.Deploy.0 = Release|Any CPU
		{1F3A1E13-3DB2-4EF9-BD75-A2A9CB448947}.Ad-Hoc|ARM.ActiveCfg = Release|Any CPU
		{1F3A1E13-3DB2-4EF9-BD75-A2A9CB448947}.Ad-Hoc|ARM.Build.0 = Release|Any CPU
		{1F3A1E13-3DB2-4EF9-BD75-A2A9CB448947}.Ad-Hoc|ARM.Deploy.0 = Release|Any CPU
		{1F3A1E13-3DB2-4EF9-BD75-A2A9CB448947}.Ad-Hoc|iPhone.ActiveCfg = Release|Any CPU
		{1F3A1E13-3DB2-4EF9-BD75-A2A9CB448947}.Ad-Hoc|iPhone.Build.0 = Release|Any CPU
		{1F3A1E13-3DB2-4EF9-BD75-A2A9CB448947}.Ad-Hoc|iPhone.Deploy.0 = Release|Any CPU
		{1F3A1E13-3DB2-4EF9-BD75-A2A9CB448947}.Ad-Hoc|iPhoneSimulator.ActiveCfg = Release|Any CPU
		{1F3A1E13-3DB2-4EF9-BD75-A2A9CB448947}.Ad-Hoc|iPhoneSimulator.Build.0 = Release|Any CPU
		{1F3A1E13-3DB2-4EF9-BD75-A2A9CB448947}.Ad-Hoc|iPhoneSimulator.Deploy.0 = Release|Any CPU
		{1F3A1E13-3DB2-4EF9-BD75-A2A9CB448947}.Ad-Hoc|x64.ActiveCfg = Release|Any CPU
		{1F3A1E13-3DB2-4EF9-BD75-A2A9CB448947}.Ad-Hoc|x64.Build.0 = Release|Any CPU
		{1F3A1E13-3DB2-4EF9-BD75-A2A9CB448947}.Ad-Hoc|x64.Deploy.0 = Release|Any CPU
		{1F3A1E13-3DB2-4EF9-BD75-A2A9CB448947}.Ad-Hoc|x86.ActiveCfg = Release|Any CPU
		{1F3A1E13-3DB2-4EF9-BD75-A2A9CB448947}.Ad-Hoc|x86.Build.0 = Release|Any CPU
		{1F3A1E13-3DB2-4EF9-BD75-A2A9CB448947}.Ad-Hoc|x86.Deploy.0 = Release|Any CPU
		{1F3A1E13-3DB2-4EF9-BD75-A2A9CB448947}.AppStore|Any CPU.ActiveCfg = Release|Any CPU
		{1F3A1E13-3DB2-4EF9-BD75-A2A9CB448947}.AppStore|Any CPU.Build.0 = Release|Any CPU
		{1F3A1E13-3DB2-4EF9-BD75-A2A9CB448947}.AppStore|Any CPU.Deploy.0 = Release|Any CPU
		{1F3A1E13-3DB2-4EF9-BD75-A2A9CB448947}.AppStore|ARM.ActiveCfg = Release|Any CPU
		{1F3A1E13-3DB2-4EF9-BD75-A2A9CB448947}.AppStore|ARM.Build.0 = Release|Any CPU
		{1F3A1E13-3DB2-4EF9-BD75-A2A9CB448947}.AppStore|ARM.Deploy.0 = Release|Any CPU
		{1F3A1E13-3DB2-4EF9-BD75-A2A9CB448947}.AppStore|iPhone.ActiveCfg = Release|Any CPU
		{1F3A1E13-3DB2-4EF9-BD75-A2A9CB448947}.AppStore|iPhone.Build.0 = Release|Any CPU
		{1F3A1E13-3DB2-4EF9-BD75-A2A9CB448947}.AppStore|iPhone.Deploy.0 = Release|Any CPU
		{1F3A1E13-3DB2-4EF9-BD75-A2A9CB448947}.AppStore|iPhoneSimulator.ActiveCfg = Release|Any CPU
		{1F3A1E13-3DB2-4EF9-BD75-A2A9CB448947}.AppStore|iPhoneSimulator.Build.0 = Release|Any CPU
		{1F3A1E13-3DB2-4EF9-BD75-A2A9CB448947}.AppStore|iPhoneSimulator.Deploy.0 = Release|Any CPU
		{1F3A1E13-3DB2-4EF9-BD75-A2A9CB448947}.AppStore|x64.ActiveCfg = Release|Any CPU
		{1F3A1E13-3DB2-4EF9-BD75-A2A9CB448947}.AppStore|x64.Build.0 = Release|Any CPU
		{1F3A1E13-3DB2-4EF9-BD75-A2A9CB448947}.AppStore|x64.Deploy.0 = Release|Any CPU
		{1F3A1E13-3DB2-4EF9-BD75-A2A9CB448947}.AppStore|x86.ActiveCfg = Release|Any CPU
		{1F3A1E13-3DB2-4EF9-BD75-A2A9CB448947}.AppStore|x86.Build.0 = Release|Any CPU
		{1F3A1E13-3DB2-4EF9-BD75-A2A9CB448947}.AppStore|x86.Deploy.0 = Release|Any CPU
		{1F3A1E13-3DB2-4EF9-BD75-A2A9CB448947}.Debug|Any CPU.ActiveCfg = Debug|Any CPU
		{1F3A1E13-3DB2-4EF9-BD75-A2A9CB448947}.Debug|Any CPU.Build.0 = Debug|Any CPU
		{1F3A1E13-3DB2-4EF9-BD75-A2A9CB448947}.Debug|Any CPU.Deploy.0 = Debug|Any CPU
		{1F3A1E13-3DB2-4EF9-BD75-A2A9CB448947}.Debug|ARM.ActiveCfg = Debug|Any CPU
		{1F3A1E13-3DB2-4EF9-BD75-A2A9CB448947}.Debug|ARM.Build.0 = Debug|Any CPU
		{1F3A1E13-3DB2-4EF9-BD75-A2A9CB448947}.Debug|ARM.Deploy.0 = Debug|Any CPU
		{1F3A1E13-3DB2-4EF9-BD75-A2A9CB448947}.Debug|iPhone.ActiveCfg = Debug|Any CPU
		{1F3A1E13-3DB2-4EF9-BD75-A2A9CB448947}.Debug|iPhone.Build.0 = Debug|Any CPU
		{1F3A1E13-3DB2-4EF9-BD75-A2A9CB448947}.Debug|iPhone.Deploy.0 = Debug|Any CPU
		{1F3A1E13-3DB2-4EF9-BD75-A2A9CB448947}.Debug|iPhoneSimulator.ActiveCfg = Debug|Any CPU
		{1F3A1E13-3DB2-4EF9-BD75-A2A9CB448947}.Debug|iPhoneSimulator.Build.0 = Debug|Any CPU
		{1F3A1E13-3DB2-4EF9-BD75-A2A9CB448947}.Debug|iPhoneSimulator.Deploy.0 = Debug|Any CPU
		{1F3A1E13-3DB2-4EF9-BD75-A2A9CB448947}.Debug|x64.ActiveCfg = Debug|Any CPU
		{1F3A1E13-3DB2-4EF9-BD75-A2A9CB448947}.Debug|x64.Build.0 = Debug|Any CPU
		{1F3A1E13-3DB2-4EF9-BD75-A2A9CB448947}.Debug|x64.Deploy.0 = Debug|Any CPU
		{1F3A1E13-3DB2-4EF9-BD75-A2A9CB448947}.Debug|x86.ActiveCfg = Debug|Any CPU
		{1F3A1E13-3DB2-4EF9-BD75-A2A9CB448947}.Debug|x86.Build.0 = Debug|Any CPU
		{1F3A1E13-3DB2-4EF9-BD75-A2A9CB448947}.Debug|x86.Deploy.0 = Debug|Any CPU
		{1F3A1E13-3DB2-4EF9-BD75-A2A9CB448947}.Release|Any CPU.ActiveCfg = Release|Any CPU
		{1F3A1E13-3DB2-4EF9-BD75-A2A9CB448947}.Release|Any CPU.Build.0 = Release|Any CPU
		{1F3A1E13-3DB2-4EF9-BD75-A2A9CB448947}.Release|Any CPU.Deploy.0 = Release|Any CPU
		{1F3A1E13-3DB2-4EF9-BD75-A2A9CB448947}.Release|ARM.ActiveCfg = Release|Any CPU
		{1F3A1E13-3DB2-4EF9-BD75-A2A9CB448947}.Release|ARM.Build.0 = Release|Any CPU
		{1F3A1E13-3DB2-4EF9-BD75-A2A9CB448947}.Release|ARM.Deploy.0 = Release|Any CPU
		{1F3A1E13-3DB2-4EF9-BD75-A2A9CB448947}.Release|iPhone.ActiveCfg = Release|Any CPU
		{1F3A1E13-3DB2-4EF9-BD75-A2A9CB448947}.Release|iPhone.Build.0 = Release|Any CPU
		{1F3A1E13-3DB2-4EF9-BD75-A2A9CB448947}.Release|iPhone.Deploy.0 = Release|Any CPU
		{1F3A1E13-3DB2-4EF9-BD75-A2A9CB448947}.Release|iPhoneSimulator.ActiveCfg = Release|Any CPU
		{1F3A1E13-3DB2-4EF9-BD75-A2A9CB448947}.Release|iPhoneSimulator.Build.0 = Release|Any CPU
		{1F3A1E13-3DB2-4EF9-BD75-A2A9CB448947}.Release|iPhoneSimulator.Deploy.0 = Release|Any CPU
		{1F3A1E13-3DB2-4EF9-BD75-A2A9CB448947}.Release|x64.ActiveCfg = Release|Any CPU
		{1F3A1E13-3DB2-4EF9-BD75-A2A9CB448947}.Release|x64.Build.0 = Release|Any CPU
		{1F3A1E13-3DB2-4EF9-BD75-A2A9CB448947}.Release|x64.Deploy.0 = Release|Any CPU
		{1F3A1E13-3DB2-4EF9-BD75-A2A9CB448947}.Release|x86.ActiveCfg = Release|Any CPU
		{1F3A1E13-3DB2-4EF9-BD75-A2A9CB448947}.Release|x86.Build.0 = Release|Any CPU
		{1F3A1E13-3DB2-4EF9-BD75-A2A9CB448947}.Release|x86.Deploy.0 = Release|Any CPU
		{EDB7D97C-7841-41FC-817E-E2E8FED12DF3}.Ad-Hoc|Any CPU.ActiveCfg = Ad-Hoc|iPhone
		{EDB7D97C-7841-41FC-817E-E2E8FED12DF3}.Ad-Hoc|ARM.ActiveCfg = Ad-Hoc|iPhone
		{EDB7D97C-7841-41FC-817E-E2E8FED12DF3}.Ad-Hoc|iPhone.ActiveCfg = Ad-Hoc|iPhone
		{EDB7D97C-7841-41FC-817E-E2E8FED12DF3}.Ad-Hoc|iPhone.Build.0 = Ad-Hoc|iPhone
		{EDB7D97C-7841-41FC-817E-E2E8FED12DF3}.Ad-Hoc|iPhoneSimulator.ActiveCfg = Ad-Hoc|iPhoneSimulator
		{EDB7D97C-7841-41FC-817E-E2E8FED12DF3}.Ad-Hoc|iPhoneSimulator.Build.0 = Ad-Hoc|iPhoneSimulator
		{EDB7D97C-7841-41FC-817E-E2E8FED12DF3}.Ad-Hoc|x64.ActiveCfg = Ad-Hoc|iPhone
		{EDB7D97C-7841-41FC-817E-E2E8FED12DF3}.Ad-Hoc|x86.ActiveCfg = Ad-Hoc|iPhone
		{EDB7D97C-7841-41FC-817E-E2E8FED12DF3}.AppStore|Any CPU.ActiveCfg = AppStore|iPhone
		{EDB7D97C-7841-41FC-817E-E2E8FED12DF3}.AppStore|ARM.ActiveCfg = AppStore|iPhone
		{EDB7D97C-7841-41FC-817E-E2E8FED12DF3}.AppStore|iPhone.ActiveCfg = AppStore|iPhone
		{EDB7D97C-7841-41FC-817E-E2E8FED12DF3}.AppStore|iPhone.Build.0 = AppStore|iPhone
		{EDB7D97C-7841-41FC-817E-E2E8FED12DF3}.AppStore|iPhoneSimulator.ActiveCfg = AppStore|iPhoneSimulator
		{EDB7D97C-7841-41FC-817E-E2E8FED12DF3}.AppStore|iPhoneSimulator.Build.0 = AppStore|iPhoneSimulator
		{EDB7D97C-7841-41FC-817E-E2E8FED12DF3}.AppStore|x64.ActiveCfg = AppStore|iPhone
		{EDB7D97C-7841-41FC-817E-E2E8FED12DF3}.AppStore|x86.ActiveCfg = AppStore|iPhone
		{EDB7D97C-7841-41FC-817E-E2E8FED12DF3}.Debug|Any CPU.ActiveCfg = Debug|iPhone
		{EDB7D97C-7841-41FC-817E-E2E8FED12DF3}.Debug|ARM.ActiveCfg = Debug|iPhone
		{EDB7D97C-7841-41FC-817E-E2E8FED12DF3}.Debug|iPhone.ActiveCfg = Debug|iPhone
		{EDB7D97C-7841-41FC-817E-E2E8FED12DF3}.Debug|iPhone.Build.0 = Debug|iPhone
		{EDB7D97C-7841-41FC-817E-E2E8FED12DF3}.Debug|iPhoneSimulator.ActiveCfg = Debug|iPhoneSimulator
		{EDB7D97C-7841-41FC-817E-E2E8FED12DF3}.Debug|iPhoneSimulator.Build.0 = Debug|iPhoneSimulator
		{EDB7D97C-7841-41FC-817E-E2E8FED12DF3}.Debug|x64.ActiveCfg = Debug|iPhone
		{EDB7D97C-7841-41FC-817E-E2E8FED12DF3}.Debug|x86.ActiveCfg = Debug|iPhone
		{EDB7D97C-7841-41FC-817E-E2E8FED12DF3}.Release|Any CPU.ActiveCfg = Release|iPhone
		{EDB7D97C-7841-41FC-817E-E2E8FED12DF3}.Release|ARM.ActiveCfg = Release|iPhone
		{EDB7D97C-7841-41FC-817E-E2E8FED12DF3}.Release|iPhone.ActiveCfg = Release|iPhone
		{EDB7D97C-7841-41FC-817E-E2E8FED12DF3}.Release|iPhone.Build.0 = Release|iPhone
		{EDB7D97C-7841-41FC-817E-E2E8FED12DF3}.Release|iPhoneSimulator.ActiveCfg = Release|iPhoneSimulator
		{EDB7D97C-7841-41FC-817E-E2E8FED12DF3}.Release|iPhoneSimulator.Build.0 = Release|iPhoneSimulator
		{EDB7D97C-7841-41FC-817E-E2E8FED12DF3}.Release|x64.ActiveCfg = Release|iPhone
		{EDB7D97C-7841-41FC-817E-E2E8FED12DF3}.Release|x86.ActiveCfg = Release|iPhone
		{1364EB0D-8FE7-4BDE-82D5-C220E357635E}.Ad-Hoc|Any CPU.ActiveCfg = Release|x86
		{1364EB0D-8FE7-4BDE-82D5-C220E357635E}.Ad-Hoc|Any CPU.Build.0 = Release|x86
		{1364EB0D-8FE7-4BDE-82D5-C220E357635E}.Ad-Hoc|Any CPU.Deploy.0 = Release|x86
		{1364EB0D-8FE7-4BDE-82D5-C220E357635E}.Ad-Hoc|ARM.ActiveCfg = Release|ARM
		{1364EB0D-8FE7-4BDE-82D5-C220E357635E}.Ad-Hoc|ARM.Build.0 = Release|ARM
		{1364EB0D-8FE7-4BDE-82D5-C220E357635E}.Ad-Hoc|ARM.Deploy.0 = Release|ARM
		{1364EB0D-8FE7-4BDE-82D5-C220E357635E}.Ad-Hoc|iPhone.ActiveCfg = Release|x86
		{1364EB0D-8FE7-4BDE-82D5-C220E357635E}.Ad-Hoc|iPhone.Build.0 = Release|x86
		{1364EB0D-8FE7-4BDE-82D5-C220E357635E}.Ad-Hoc|iPhone.Deploy.0 = Release|x86
		{1364EB0D-8FE7-4BDE-82D5-C220E357635E}.Ad-Hoc|iPhoneSimulator.ActiveCfg = Release|x86
		{1364EB0D-8FE7-4BDE-82D5-C220E357635E}.Ad-Hoc|iPhoneSimulator.Build.0 = Release|x86
		{1364EB0D-8FE7-4BDE-82D5-C220E357635E}.Ad-Hoc|iPhoneSimulator.Deploy.0 = Release|x86
		{1364EB0D-8FE7-4BDE-82D5-C220E357635E}.Ad-Hoc|x64.ActiveCfg = Release|x64
		{1364EB0D-8FE7-4BDE-82D5-C220E357635E}.Ad-Hoc|x64.Build.0 = Release|x64
		{1364EB0D-8FE7-4BDE-82D5-C220E357635E}.Ad-Hoc|x64.Deploy.0 = Release|x64
		{1364EB0D-8FE7-4BDE-82D5-C220E357635E}.Ad-Hoc|x86.ActiveCfg = Release|x86
		{1364EB0D-8FE7-4BDE-82D5-C220E357635E}.Ad-Hoc|x86.Build.0 = Release|x86
		{1364EB0D-8FE7-4BDE-82D5-C220E357635E}.Ad-Hoc|x86.Deploy.0 = Release|x86
		{1364EB0D-8FE7-4BDE-82D5-C220E357635E}.AppStore|Any CPU.ActiveCfg = Release|x86
		{1364EB0D-8FE7-4BDE-82D5-C220E357635E}.AppStore|Any CPU.Build.0 = Release|x86
		{1364EB0D-8FE7-4BDE-82D5-C220E357635E}.AppStore|Any CPU.Deploy.0 = Release|x86
		{1364EB0D-8FE7-4BDE-82D5-C220E357635E}.AppStore|ARM.ActiveCfg = Release|ARM
		{1364EB0D-8FE7-4BDE-82D5-C220E357635E}.AppStore|ARM.Build.0 = Release|ARM
		{1364EB0D-8FE7-4BDE-82D5-C220E357635E}.AppStore|ARM.Deploy.0 = Release|ARM
		{1364EB0D-8FE7-4BDE-82D5-C220E357635E}.AppStore|iPhone.ActiveCfg = Release|x86
		{1364EB0D-8FE7-4BDE-82D5-C220E357635E}.AppStore|iPhone.Build.0 = Release|x86
		{1364EB0D-8FE7-4BDE-82D5-C220E357635E}.AppStore|iPhone.Deploy.0 = Release|x86
		{1364EB0D-8FE7-4BDE-82D5-C220E357635E}.AppStore|iPhoneSimulator.ActiveCfg = Release|x86
		{1364EB0D-8FE7-4BDE-82D5-C220E357635E}.AppStore|iPhoneSimulator.Build.0 = Release|x86
		{1364EB0D-8FE7-4BDE-82D5-C220E357635E}.AppStore|iPhoneSimulator.Deploy.0 = Release|x86
		{1364EB0D-8FE7-4BDE-82D5-C220E357635E}.AppStore|x64.ActiveCfg = Release|x64
		{1364EB0D-8FE7-4BDE-82D5-C220E357635E}.AppStore|x64.Build.0 = Release|x64
		{1364EB0D-8FE7-4BDE-82D5-C220E357635E}.AppStore|x64.Deploy.0 = Release|x64
		{1364EB0D-8FE7-4BDE-82D5-C220E357635E}.AppStore|x86.ActiveCfg = Release|x86
		{1364EB0D-8FE7-4BDE-82D5-C220E357635E}.AppStore|x86.Build.0 = Release|x86
		{1364EB0D-8FE7-4BDE-82D5-C220E357635E}.AppStore|x86.Deploy.0 = Release|x86
		{1364EB0D-8FE7-4BDE-82D5-C220E357635E}.Debug|Any CPU.ActiveCfg = Debug|x86
		{1364EB0D-8FE7-4BDE-82D5-C220E357635E}.Debug|ARM.ActiveCfg = Debug|ARM
		{1364EB0D-8FE7-4BDE-82D5-C220E357635E}.Debug|ARM.Build.0 = Debug|ARM
		{1364EB0D-8FE7-4BDE-82D5-C220E357635E}.Debug|ARM.Deploy.0 = Debug|ARM
		{1364EB0D-8FE7-4BDE-82D5-C220E357635E}.Debug|iPhone.ActiveCfg = Debug|x86
		{1364EB0D-8FE7-4BDE-82D5-C220E357635E}.Debug|iPhoneSimulator.ActiveCfg = Debug|x86
		{1364EB0D-8FE7-4BDE-82D5-C220E357635E}.Debug|x64.ActiveCfg = Debug|x64
		{1364EB0D-8FE7-4BDE-82D5-C220E357635E}.Debug|x64.Build.0 = Debug|x64
		{1364EB0D-8FE7-4BDE-82D5-C220E357635E}.Debug|x64.Deploy.0 = Debug|x64
		{1364EB0D-8FE7-4BDE-82D5-C220E357635E}.Debug|x86.ActiveCfg = Debug|x86
		{1364EB0D-8FE7-4BDE-82D5-C220E357635E}.Debug|x86.Build.0 = Debug|x86
		{1364EB0D-8FE7-4BDE-82D5-C220E357635E}.Debug|x86.Deploy.0 = Debug|x86
		{1364EB0D-8FE7-4BDE-82D5-C220E357635E}.Release|Any CPU.ActiveCfg = Release|x86
		{1364EB0D-8FE7-4BDE-82D5-C220E357635E}.Release|ARM.ActiveCfg = Release|ARM
		{1364EB0D-8FE7-4BDE-82D5-C220E357635E}.Release|ARM.Build.0 = Release|ARM
		{1364EB0D-8FE7-4BDE-82D5-C220E357635E}.Release|ARM.Deploy.0 = Release|ARM
		{1364EB0D-8FE7-4BDE-82D5-C220E357635E}.Release|iPhone.ActiveCfg = Release|x86
		{1364EB0D-8FE7-4BDE-82D5-C220E357635E}.Release|iPhoneSimulator.ActiveCfg = Release|x86
		{1364EB0D-8FE7-4BDE-82D5-C220E357635E}.Release|x64.ActiveCfg = Release|x64
		{1364EB0D-8FE7-4BDE-82D5-C220E357635E}.Release|x64.Build.0 = Release|x64
		{1364EB0D-8FE7-4BDE-82D5-C220E357635E}.Release|x64.Deploy.0 = Release|x64
		{1364EB0D-8FE7-4BDE-82D5-C220E357635E}.Release|x86.ActiveCfg = Release|x86
		{1364EB0D-8FE7-4BDE-82D5-C220E357635E}.Release|x86.Build.0 = Release|x86
		{1364EB0D-8FE7-4BDE-82D5-C220E357635E}.Release|x86.Deploy.0 = Release|x86
	EndGlobalSection
	GlobalSection(SolutionProperties) = preSolution
		HideSolutionNode = FALSE
	EndGlobalSection
	GlobalSection(ExtensibilityGlobals) = postSolution
		SolutionGuid = {935D80D1-093B-4FD3-B9A9-A505D4EB2AA8}
	EndGlobalSection
EndGlobal
